// !$*UTF8*$!
{
	archiveVersion = 1;
	classes = {
	};
	objectVersion = 46;
	objects = {

/* Begin PBXBuildFile section */
		D246AC7F1DAD6F21008951E4 /* AppDelegate.swift in Sources */ = {isa = PBXBuildFile; fileRef = D246AC7E1DAD6F21008951E4 /* AppDelegate.swift */; };
		D246AC811DAD6F21008951E4 /* ViewController.swift in Sources */ = {isa = PBXBuildFile; fileRef = D246AC801DAD6F21008951E4 /* ViewController.swift */; };
		D246AC841DAD6F21008951E4 /* TechGuru.xcdatamodeld in Sources */ = {isa = PBXBuildFile; fileRef = D246AC821DAD6F21008951E4 /* TechGuru.xcdatamodeld */; };
		D246AC861DAD6F21008951E4 /* Assets.xcassets in Resources */ = {isa = PBXBuildFile; fileRef = D246AC851DAD6F21008951E4 /* Assets.xcassets */; };
		D246AC891DAD6F21008951E4 /* Main.storyboard in Resources */ = {isa = PBXBuildFile; fileRef = D246AC871DAD6F21008951E4 /* Main.storyboard */; };
		D246AC941DAD6F21008951E4 /* TechGuruTests.swift in Sources */ = {isa = PBXBuildFile; fileRef = D246AC931DAD6F21008951E4 /* TechGuruTests.swift */; };
		D246AC9F1DAD6F21008951E4 /* TechGuruUITests.swift in Sources */ = {isa = PBXBuildFile; fileRef = D246AC9E1DAD6F21008951E4 /* TechGuruUITests.swift */; };
/* End PBXBuildFile section */

/* Begin PBXContainerItemProxy section */
		D246AC901DAD6F21008951E4 /* PBXContainerItemProxy */ = {
			isa = PBXContainerItemProxy;
			containerPortal = D246AC731DAD6F20008951E4 /* Project object */;
			proxyType = 1;
			remoteGlobalIDString = D246AC7A1DAD6F20008951E4;
			remoteInfo = TechGuru;
		};
		D246AC9B1DAD6F21008951E4 /* PBXContainerItemProxy */ = {
			isa = PBXContainerItemProxy;
			containerPortal = D246AC731DAD6F20008951E4 /* Project object */;
			proxyType = 1;
			remoteGlobalIDString = D246AC7A1DAD6F20008951E4;
			remoteInfo = TechGuru;
		};
/* End PBXContainerItemProxy section */

/* Begin PBXFileReference section */
		D246AC7B1DAD6F21008951E4 /* TechGuru.app */ = {isa = PBXFileReference; explicitFileType = wrapper.application; includeInIndex = 0; path = TechGuru.app; sourceTree = BUILT_PRODUCTS_DIR; };
		D246AC7E1DAD6F21008951E4 /* AppDelegate.swift */ = {isa = PBXFileReference; lastKnownFileType = sourcecode.swift; path = AppDelegate.swift; sourceTree = "<group>"; };
		D246AC801DAD6F21008951E4 /* ViewController.swift */ = {isa = PBXFileReference; lastKnownFileType = sourcecode.swift; path = ViewController.swift; sourceTree = "<group>"; };
		D246AC831DAD6F21008951E4 /* TechGuru.xcdatamodel */ = {isa = PBXFileReference; lastKnownFileType = wrapper.xcdatamodel; path = TechGuru.xcdatamodel; sourceTree = "<group>"; };
		D246AC851DAD6F21008951E4 /* Assets.xcassets */ = {isa = PBXFileReference; lastKnownFileType = folder.assetcatalog; path = Assets.xcassets; sourceTree = "<group>"; };
		D246AC881DAD6F21008951E4 /* Base */ = {isa = PBXFileReference; lastKnownFileType = file.storyboard; name = Base; path = Base.lproj/Main.storyboard; sourceTree = "<group>"; };
		D246AC8A1DAD6F21008951E4 /* Info.plist */ = {isa = PBXFileReference; lastKnownFileType = text.plist.xml; path = Info.plist; sourceTree = "<group>"; };
		D246AC8F1DAD6F21008951E4 /* TechGuruTests.xctest */ = {isa = PBXFileReference; explicitFileType = wrapper.cfbundle; includeInIndex = 0; path = TechGuruTests.xctest; sourceTree = BUILT_PRODUCTS_DIR; };
		D246AC931DAD6F21008951E4 /* TechGuruTests.swift */ = {isa = PBXFileReference; lastKnownFileType = sourcecode.swift; path = TechGuruTests.swift; sourceTree = "<group>"; };
		D246AC951DAD6F21008951E4 /* Info.plist */ = {isa = PBXFileReference; lastKnownFileType = text.plist.xml; path = Info.plist; sourceTree = "<group>"; };
		D246AC9A1DAD6F21008951E4 /* TechGuruUITests.xctest */ = {isa = PBXFileReference; explicitFileType = wrapper.cfbundle; includeInIndex = 0; path = TechGuruUITests.xctest; sourceTree = BUILT_PRODUCTS_DIR; };
		D246AC9E1DAD6F21008951E4 /* TechGuruUITests.swift */ = {isa = PBXFileReference; lastKnownFileType = sourcecode.swift; path = TechGuruUITests.swift; sourceTree = "<group>"; };
		D246ACA01DAD6F21008951E4 /* Info.plist */ = {isa = PBXFileReference; lastKnownFileType = text.plist.xml; path = Info.plist; sourceTree = "<group>"; };
/* End PBXFileReference section */

/* Begin PBXFrameworksBuildPhase section */
		D246AC781DAD6F20008951E4 /* Frameworks */ = {
			isa = PBXFrameworksBuildPhase;
			buildActionMask = 2147483647;
			files = (
			);
			runOnlyForDeploymentPostprocessing = 0;
		};
		D246AC8C1DAD6F21008951E4 /* Frameworks */ = {
			isa = PBXFrameworksBuildPhase;
			buildActionMask = 2147483647;
			files = (
			);
			runOnlyForDeploymentPostprocessing = 0;
		};
		D246AC971DAD6F21008951E4 /* Frameworks */ = {
			isa = PBXFrameworksBuildPhase;
			buildActionMask = 2147483647;
			files = (
			);
			runOnlyForDeploymentPostprocessing = 0;
		};
/* End PBXFrameworksBuildPhase section */

/* Begin PBXGroup section */
		D246AC721DAD6F20008951E4 = {
			isa = PBXGroup;
			children = (
				D246AC7D1DAD6F21008951E4 /* TechGuru */,
				D246AC921DAD6F21008951E4 /* TechGuruTests */,
				D246AC9D1DAD6F21008951E4 /* TechGuruUITests */,
				D246AC7C1DAD6F21008951E4 /* Products */,
			);
			sourceTree = "<group>";
		};
		D246AC7C1DAD6F21008951E4 /* Products */ = {
			isa = PBXGroup;
			children = (
				D246AC7B1DAD6F21008951E4 /* TechGuru.app */,
				D246AC8F1DAD6F21008951E4 /* TechGuruTests.xctest */,
				D246AC9A1DAD6F21008951E4 /* TechGuruUITests.xctest */,
			);
			name = Products;
			sourceTree = "<group>";
		};
		D246AC7D1DAD6F21008951E4 /* TechGuru */ = {
			isa = PBXGroup;
			children = (
				D246AC7E1DAD6F21008951E4 /* AppDelegate.swift */,
				D246AC801DAD6F21008951E4 /* ViewController.swift */,
				D246AC851DAD6F21008951E4 /* Assets.xcassets */,
				D246AC871DAD6F21008951E4 /* Main.storyboard */,
				D246AC8A1DAD6F21008951E4 /* Info.plist */,
				D246AC821DAD6F21008951E4 /* TechGuru.xcdatamodeld */,
			);
			path = TechGuru;
			sourceTree = "<group>";
		};
		D246AC921DAD6F21008951E4 /* TechGuruTests */ = {
			isa = PBXGroup;
			children = (
				D246AC931DAD6F21008951E4 /* TechGuruTests.swift */,
				D246AC951DAD6F21008951E4 /* Info.plist */,
			);
			path = TechGuruTests;
			sourceTree = "<group>";
		};
		D246AC9D1DAD6F21008951E4 /* TechGuruUITests */ = {
			isa = PBXGroup;
			children = (
				D246AC9E1DAD6F21008951E4 /* TechGuruUITests.swift */,
				D246ACA01DAD6F21008951E4 /* Info.plist */,
			);
			path = TechGuruUITests;
			sourceTree = "<group>";
		};
/* End PBXGroup section */

/* Begin PBXNativeTarget section */
		D246AC7A1DAD6F20008951E4 /* TechGuru */ = {
			isa = PBXNativeTarget;
			buildConfigurationList = D246ACA31DAD6F21008951E4 /* Build configuration list for PBXNativeTarget "TechGuru" */;
			buildPhases = (
				D246AC771DAD6F20008951E4 /* Sources */,
				D246AC781DAD6F20008951E4 /* Frameworks */,
				D246AC791DAD6F20008951E4 /* Resources */,
			);
			buildRules = (
			);
			dependencies = (
			);
			name = TechGuru;
			productName = TechGuru;
			productReference = D246AC7B1DAD6F21008951E4 /* TechGuru.app */;
			productType = "com.apple.product-type.application";
		};
		D246AC8E1DAD6F21008951E4 /* TechGuruTests */ = {
			isa = PBXNativeTarget;
			buildConfigurationList = D246ACA61DAD6F21008951E4 /* Build configuration list for PBXNativeTarget "TechGuruTests" */;
			buildPhases = (
				D246AC8B1DAD6F21008951E4 /* Sources */,
				D246AC8C1DAD6F21008951E4 /* Frameworks */,
				D246AC8D1DAD6F21008951E4 /* Resources */,
			);
			buildRules = (
			);
			dependencies = (
				D246AC911DAD6F21008951E4 /* PBXTargetDependency */,
			);
			name = TechGuruTests;
			productName = TechGuruTests;
			productReference = D246AC8F1DAD6F21008951E4 /* TechGuruTests.xctest */;
			productType = "com.apple.product-type.bundle.unit-test";
		};
		D246AC991DAD6F21008951E4 /* TechGuruUITests */ = {
			isa = PBXNativeTarget;
			buildConfigurationList = D246ACA91DAD6F21008951E4 /* Build configuration list for PBXNativeTarget "TechGuruUITests" */;
			buildPhases = (
				D246AC961DAD6F21008951E4 /* Sources */,
				D246AC971DAD6F21008951E4 /* Frameworks */,
				D246AC981DAD6F21008951E4 /* Resources */,
			);
			buildRules = (
			);
			dependencies = (
				D246AC9C1DAD6F21008951E4 /* PBXTargetDependency */,
			);
			name = TechGuruUITests;
			productName = TechGuruUITests;
			productReference = D246AC9A1DAD6F21008951E4 /* TechGuruUITests.xctest */;
			productType = "com.apple.product-type.bundle.ui-testing";
		};
/* End PBXNativeTarget section */

/* Begin PBXProject section */
		D246AC731DAD6F20008951E4 /* Project object */ = {
			isa = PBXProject;
			attributes = {
				LastSwiftUpdateCheck = 0800;
				LastUpgradeCheck = 0800;
				ORGANIZATIONNAME = DontPlayAlone.de;
				TargetAttributes = {
					D246AC7A1DAD6F20008951E4 = {
						CreatedOnToolsVersion = 8.0;
						ProvisioningStyle = Automatic;
					};
					D246AC8E1DAD6F21008951E4 = {
						CreatedOnToolsVersion = 8.0;
						ProvisioningStyle = Automatic;
						TestTargetID = D246AC7A1DAD6F20008951E4;
					};
					D246AC991DAD6F21008951E4 = {
						CreatedOnToolsVersion = 8.0;
						ProvisioningStyle = Automatic;
						TestTargetID = D246AC7A1DAD6F20008951E4;
					};
				};
			};
			buildConfigurationList = D246AC761DAD6F20008951E4 /* Build configuration list for PBXProject "TechGuru" */;
			compatibilityVersion = "Xcode 3.2";
			developmentRegion = English;
			hasScannedForEncodings = 0;
			knownRegions = (
				en,
				Base,
			);
			mainGroup = D246AC721DAD6F20008951E4;
			productRefGroup = D246AC7C1DAD6F21008951E4 /* Products */;
			projectDirPath = "";
			projectRoot = "";
			targets = (
				D246AC7A1DAD6F20008951E4 /* TechGuru */,
				D246AC8E1DAD6F21008951E4 /* TechGuruTests */,
				D246AC991DAD6F21008951E4 /* TechGuruUITests */,
			);
		};
/* End PBXProject section */

/* Begin PBXResourcesBuildPhase section */
		D246AC791DAD6F20008951E4 /* Resources */ = {
			isa = PBXResourcesBuildPhase;
			buildActionMask = 2147483647;
			files = (
				D246AC861DAD6F21008951E4 /* Assets.xcassets in Resources */,
				D246AC891DAD6F21008951E4 /* Main.storyboard in Resources */,
			);
			runOnlyForDeploymentPostprocessing = 0;
		};
		D246AC8D1DAD6F21008951E4 /* Resources */ = {
			isa = PBXResourcesBuildPhase;
			buildActionMask = 2147483647;
			files = (
			);
			runOnlyForDeploymentPostprocessing = 0;
		};
		D246AC981DAD6F21008951E4 /* Resources */ = {
			isa = PBXResourcesBuildPhase;
			buildActionMask = 2147483647;
			files = (
			);
			runOnlyForDeploymentPostprocessing = 0;
		};
/* End PBXResourcesBuildPhase section */

/* Begin PBXSourcesBuildPhase section */
		D246AC771DAD6F20008951E4 /* Sources */ = {
			isa = PBXSourcesBuildPhase;
			buildActionMask = 2147483647;
			files = (
				D246AC811DAD6F21008951E4 /* ViewController.swift in Sources */,
				D246AC7F1DAD6F21008951E4 /* AppDelegate.swift in Sources */,
				D246AC841DAD6F21008951E4 /* TechGuru.xcdatamodeld in Sources */,
			);
			runOnlyForDeploymentPostprocessing = 0;
		};
		D246AC8B1DAD6F21008951E4 /* Sources */ = {
			isa = PBXSourcesBuildPhase;
			buildActionMask = 2147483647;
			files = (
				D246AC941DAD6F21008951E4 /* TechGuruTests.swift in Sources */,
			);
			runOnlyForDeploymentPostprocessing = 0;
		};
		D246AC961DAD6F21008951E4 /* Sources */ = {
			isa = PBXSourcesBuildPhase;
			buildActionMask = 2147483647;
			files = (
				D246AC9F1DAD6F21008951E4 /* TechGuruUITests.swift in Sources */,
			);
			runOnlyForDeploymentPostprocessing = 0;
		};
/* End PBXSourcesBuildPhase section */

/* Begin PBXTargetDependency section */
		D246AC911DAD6F21008951E4 /* PBXTargetDependency */ = {
			isa = PBXTargetDependency;
			target = D246AC7A1DAD6F20008951E4 /* TechGuru */;
			targetProxy = D246AC901DAD6F21008951E4 /* PBXContainerItemProxy */;
		};
		D246AC9C1DAD6F21008951E4 /* PBXTargetDependency */ = {
			isa = PBXTargetDependency;
			target = D246AC7A1DAD6F20008951E4 /* TechGuru */;
			targetProxy = D246AC9B1DAD6F21008951E4 /* PBXContainerItemProxy */;
		};
/* End PBXTargetDependency section */

/* Begin PBXVariantGroup section */
		D246AC871DAD6F21008951E4 /* Main.storyboard */ = {
			isa = PBXVariantGroup;
			children = (
				D246AC881DAD6F21008951E4 /* Base */,
			);
			name = Main.storyboard;
			sourceTree = "<group>";
		};
/* End PBXVariantGroup section */

/* Begin XCBuildConfiguration section */
		D246ACA11DAD6F21008951E4 /* Debug */ = {
			isa = XCBuildConfiguration;
			buildSettings = {
				ALWAYS_SEARCH_USER_PATHS = NO;
				CLANG_ANALYZER_NONNULL = YES;
				CLANG_CXX_LANGUAGE_STANDARD = "gnu++0x";
				CLANG_CXX_LIBRARY = "libc++";
				CLANG_ENABLE_MODULES = YES;
				CLANG_ENABLE_OBJC_ARC = YES;
				CLANG_WARN_BOOL_CONVERSION = YES;
				CLANG_WARN_CONSTANT_CONVERSION = YES;
				CLANG_WARN_DIRECT_OBJC_ISA_USAGE = YES_ERROR;
				CLANG_WARN_DOCUMENTATION_COMMENTS = YES;
				CLANG_WARN_EMPTY_BODY = YES;
				CLANG_WARN_ENUM_CONVERSION = YES;
				CLANG_WARN_INFINITE_RECURSION = YES;
				CLANG_WARN_INT_CONVERSION = YES;
				CLANG_WARN_OBJC_ROOT_CLASS = YES_ERROR;
				CLANG_WARN_SUSPICIOUS_MOVES = YES;
				CLANG_WARN_UNREACHABLE_CODE = YES;
				CLANG_WARN__DUPLICATE_METHOD_MATCH = YES;
				CODE_SIGN_IDENTITY = "-";
				COPY_PHASE_STRIP = NO;
				DEBUG_INFORMATION_FORMAT = dwarf;
				ENABLE_STRICT_OBJC_MSGSEND = YES;
				ENABLE_TESTABILITY = YES;
				GCC_C_LANGUAGE_STANDARD = gnu99;
				GCC_DYNAMIC_NO_PIC = NO;
				GCC_NO_COMMON_BLOCKS = YES;
				GCC_OPTIMIZATION_LEVEL = 0;
				GCC_PREPROCESSOR_DEFINITIONS = (
					"DEBUG=1",
					"$(inherited)",
				);
				GCC_WARN_64_TO_32_BIT_CONVERSION = YES;
				GCC_WARN_ABOUT_RETURN_TYPE = YES_ERROR;
				GCC_WARN_UNDECLARED_SELECTOR = YES;
				GCC_WARN_UNINITIALIZED_AUTOS = YES_AGGRESSIVE;
				GCC_WARN_UNUSED_FUNCTION = YES;
				GCC_WARN_UNUSED_VARIABLE = YES;
				MACOSX_DEPLOYMENT_TARGET = 10.12;
				MTL_ENABLE_DEBUG_INFO = YES;
				ONLY_ACTIVE_ARCH = YES;
				SDKROOT = macosx;
				SWIFT_ACTIVE_COMPILATION_CONDITIONS = DEBUG;
				SWIFT_OPTIMIZATION_LEVEL = "-Onone";
			};
			name = Debug;
		};
		D246ACA21DAD6F21008951E4 /* Release */ = {
			isa = XCBuildConfiguration;
			buildSettings = {
				ALWAYS_SEARCH_USER_PATHS = NO;
				CLANG_ANALYZER_NONNULL = YES;
				CLANG_CXX_LANGUAGE_STANDARD = "gnu++0x";
				CLANG_CXX_LIBRARY = "libc++";
				CLANG_ENABLE_MODULES = YES;
				CLANG_ENABLE_OBJC_ARC = YES;
				CLANG_WARN_BOOL_CONVERSION = YES;
				CLANG_WARN_CONSTANT_CONVERSION = YES;
				CLANG_WARN_DIRECT_OBJC_ISA_USAGE = YES_ERROR;
				CLANG_WARN_DOCUMENTATION_COMMENTS = YES;
				CLANG_WARN_EMPTY_BODY = YES;
				CLANG_WARN_ENUM_CONVERSION = YES;
				CLANG_WARN_INFINITE_RECURSION = YES;
				CLANG_WARN_INT_CONVERSION = YES;
				CLANG_WARN_OBJC_ROOT_CLASS = YES_ERROR;
				CLANG_WARN_SUSPICIOUS_MOVES = YES;
				CLANG_WARN_UNREACHABLE_CODE = YES;
				CLANG_WARN__DUPLICATE_METHOD_MATCH = YES;
				CODE_SIGN_IDENTITY = "-";
				COPY_PHASE_STRIP = NO;
				DEBUG_INFORMATION_FORMAT = "dwarf-with-dsym";
				ENABLE_NS_ASSERTIONS = NO;
				ENABLE_STRICT_OBJC_MSGSEND = YES;
				GCC_C_LANGUAGE_STANDARD = gnu99;
				GCC_NO_COMMON_BLOCKS = YES;
				GCC_WARN_64_TO_32_BIT_CONVERSION = YES;
				GCC_WARN_ABOUT_RETURN_TYPE = YES_ERROR;
				GCC_WARN_UNDECLARED_SELECTOR = YES;
				GCC_WARN_UNINITIALIZED_AUTOS = YES_AGGRESSIVE;
				GCC_WARN_UNUSED_FUNCTION = YES;
				GCC_WARN_UNUSED_VARIABLE = YES;
				MACOSX_DEPLOYMENT_TARGET = 10.12;
				MTL_ENABLE_DEBUG_INFO = NO;
				SDKROOT = macosx;
				SWIFT_OPTIMIZATION_LEVEL = "-Owholemodule";
			};
			name = Release;
		};
		D246ACA41DAD6F21008951E4 /* Debug */ = {
			isa = XCBuildConfiguration;
			buildSettings = {
				ASSETCATALOG_COMPILER_APPICON_NAME = AppIcon;
				COMBINE_HIDPI_IMAGES = YES;
				INFOPLIST_FILE = TechGuru/Info.plist;
				LD_RUNPATH_SEARCH_PATHS = "$(inherited) @executable_path/../Frameworks";
				PRODUCT_BUNDLE_IDENTIFIER = de.dontplayalone.TechGuru;
				PRODUCT_NAME = "$(TARGET_NAME)";
				SWIFT_VERSION = 3.0;
			};
			name = Debug;
		};
		D246ACA51DAD6F21008951E4 /* Release */ = {
			isa = XCBuildConfiguration;
			buildSettings = {
				ASSETCATALOG_COMPILER_APPICON_NAME = AppIcon;
				COMBINE_HIDPI_IMAGES = YES;
				INFOPLIST_FILE = TechGuru/Info.plist;
				LD_RUNPATH_SEARCH_PATHS = "$(inherited) @executable_path/../Frameworks";
				PRODUCT_BUNDLE_IDENTIFIER = de.dontplayalone.TechGuru;
				PRODUCT_NAME = "$(TARGET_NAME)";
				SWIFT_VERSION = 3.0;
			};
			name = Release;
		};
		D246ACA71DAD6F21008951E4 /* Debug */ = {
			isa = XCBuildConfiguration;
			buildSettings = {
				ALWAYS_EMBED_SWIFT_STANDARD_LIBRARIES = YES;
				BUNDLE_LOADER = "$(TEST_HOST)";
				COMBINE_HIDPI_IMAGES = YES;
				INFOPLIST_FILE = TechGuruTests/Info.plist;
				LD_RUNPATH_SEARCH_PATHS = "$(inherited) @executable_path/../Frameworks @loader_path/../Frameworks";
				PRODUCT_BUNDLE_IDENTIFIER = de.dontplayalone.TechGuruTests;
				PRODUCT_NAME = "$(TARGET_NAME)";
				SWIFT_VERSION = 3.0;
				TEST_HOST = "$(BUILT_PRODUCTS_DIR)/TechGuru.app/Contents/MacOS/TechGuru";
			};
			name = Debug;
		};
		D246ACA81DAD6F21008951E4 /* Release */ = {
			isa = XCBuildConfiguration;
			buildSettings = {
				ALWAYS_EMBED_SWIFT_STANDARD_LIBRARIES = YES;
				BUNDLE_LOADER = "$(TEST_HOST)";
				COMBINE_HIDPI_IMAGES = YES;
				INFOPLIST_FILE = TechGuruTests/Info.plist;
				LD_RUNPATH_SEARCH_PATHS = "$(inherited) @executable_path/../Frameworks @loader_path/../Frameworks";
				PRODUCT_BUNDLE_IDENTIFIER = de.dontplayalone.TechGuruTests;
				PRODUCT_NAME = "$(TARGET_NAME)";
				SWIFT_VERSION = 3.0;
				TEST_HOST = "$(BUILT_PRODUCTS_DIR)/TechGuru.app/Contents/MacOS/TechGuru";
			};
			name = Release;
		};
		D246ACAA1DAD6F21008951E4 /* Debug */ = {
			isa = XCBuildConfiguration;
			buildSettings = {
				ALWAYS_EMBED_SWIFT_STANDARD_LIBRARIES = YES;
				COMBINE_HIDPI_IMAGES = YES;
				INFOPLIST_FILE = TechGuruUITests/Info.plist;
				LD_RUNPATH_SEARCH_PATHS = "$(inherited) @executable_path/../Frameworks @loader_path/../Frameworks";
				PRODUCT_BUNDLE_IDENTIFIER = de.dontplayalone.TechGuruUITests;
				PRODUCT_NAME = "$(TARGET_NAME)";
				SWIFT_VERSION = 3.0;
				TEST_TARGET_NAME = TechGuru;
			};
			name = Debug;
		};
		D246ACAB1DAD6F21008951E4 /* Release */ = {
			isa = XCBuildConfiguration;
			buildSettings = {
				ALWAYS_EMBED_SWIFT_STANDARD_LIBRARIES = YES;
				COMBINE_HIDPI_IMAGES = YES;
				INFOPLIST_FILE = TechGuruUITests/Info.plist;
				LD_RUNPATH_SEARCH_PATHS = "$(inherited) @executable_path/../Frameworks @loader_path/../Frameworks";
				PRODUCT_BUNDLE_IDENTIFIER = de.dontplayalone.TechGuruUITests;
				PRODUCT_NAME = "$(TARGET_NAME)";
				SWIFT_VERSION = 3.0;
				TEST_TARGET_NAME = TechGuru;
			};
			name = Release;
		};
/* End XCBuildConfiguration section */

/* Begin XCConfigurationList section */
		D246AC761DAD6F20008951E4 /* Build configuration list for PBXProject "TechGuru" */ = {
			isa = XCConfigurationList;
			buildConfigurations = (
				D246ACA11DAD6F21008951E4 /* Debug */,
				D246ACA21DAD6F21008951E4 /* Release */,
			);
			defaultConfigurationIsVisible = 0;
			defaultConfigurationName = Release;
		};
		D246ACA31DAD6F21008951E4 /* Build configuration list for PBXNativeTarget "TechGuru" */ = {
			isa = XCConfigurationList;
			buildConfigurations = (
				D246ACA41DAD6F21008951E4 /* Debug */,
				D246ACA51DAD6F21008951E4 /* Release */,
			);
			defaultConfigurationIsVisible = 0;
		};
		D246ACA61DAD6F21008951E4 /* Build configuration list for PBXNativeTarget "TechGuruTests" */ = {
			isa = XCConfigurationList;
			buildConfigurations = (
				D246ACA71DAD6F21008951E4 /* Debug */,
				D246ACA81DAD6F21008951E4 /* Release */,
			);
			defaultConfigurationIsVisible = 0;
		};
		D246ACA91DAD6F21008951E4 /* Build configuration list for PBXNativeTarget "TechGuruUITests" */ = {
			isa = XCConfigurationList;
			buildConfigurations = (
				D246ACAA1DAD6F21008951E4 /* Debug */,
				D246ACAB1DAD6F21008951E4 /* Release */,
			);
			defaultConfigurationIsVisible = 0;
		};
/* End XCConfigurationList section */

/* Begin XCVersionGroup section */
		D246AC821DAD6F21008951E4 /* TechGuru.xcdatamodeld */ = {
			isa = XCVersionGroup;
			children = (
				D246AC831DAD6F21008951E4 /* TechGuru.xcdatamodel */,
			);
			currentVersion = D246AC831DAD6F21008951E4 /* TechGuru.xcdatamodel */;
			path = TechGuru.xcdatamodeld;
			sourceTree = "<group>";
			versionGroupType = wrapper.xcdatamodel;
		};
/* End XCVersionGroup section */
	};
	rootObject = D246AC731DAD6F20008951E4 /* Project object */;
}
